
Microsoft Visual Studio Solution File, Format Version 12.00
# Visual Studio Version 17
VisualStudioVersion = 17.4.33213.308
MinimumVisualStudioVersion = 10.0.40219.1
Project("{FAE04EC0-301F-11D3-BF4B-00C04F79EFBC}") = "Miegir.Extensions.Http", "Miegir.Extensions.Http\Miegir.Extensions.Http.csproj", "{F9A6AE9C-0B66-4788-890F-9BB739CEE3D4}"
EndProject
Project("{FAE04EC0-301F-11D3-BF4B-00C04F79EFBC}") = "Miegir.Extensions.Http.Test", "Miegir.Extensions.Http.Test\Miegir.Extensions.Http.Test.csproj", "{3D3E87A0-4B10-491E-9244-804B4C23266E}"
EndProject
Global
	GlobalSection(SolutionConfigurationPlatforms) = preSolution
		Debug|Any CPU = Debug|Any CPU
		Release|Any CPU = Release|Any CPU
	EndGlobalSection
	GlobalSection(ProjectConfigurationPlatforms) = postSolution
		{F9A6AE9C-0B66-4788-890F-9BB739CEE3D4}.Debug|Any CPU.ActiveCfg = Debug|Any CPU
		{F9A6AE9C-0B66-4788-890F-9BB739CEE3D4}.Debug|Any CPU.Build.0 = Debug|Any CPU
		{F9A6AE9C-0B66-4788-890F-9BB739CEE3D4}.Release|Any CPU.ActiveCfg = Release|Any CPU
		{F9A6AE9C-0B66-4788-890F-9BB739CEE3D4}.Release|Any CPU.Build.0 = Release|Any CPU
		{3D3E87A0-4B10-491E-9244-804B4C23266E}.Debug|Any CPU.ActiveCfg = Debug|Any CPU
		{3D3E87A0-4B10-491E-9244-804B4C23266E}.Debug|Any CPU.Build.0 = Debug|Any CPU
		{3D3E87A0-4B10-491E-9244-804B4C23266E}.Release|Any CPU.ActiveCfg = Release|Any CPU
		{3D3E87A0-4B10-491E-9244-804B4C23266E}.Release|Any CPU.Build.0 = Release|Any CPU
	EndGlobalSection
	GlobalSection(SolutionProperties) = preSolution
		HideSolutionNode = FALSE
	EndGlobalSection
	GlobalSection(ExtensibilityGlobals) = postSolution
		SolutionGuid = {57255521-708D-46FF-B928-8E091680B148}
	EndGlobalSection
EndGlobal
